
Microsoft Visual Studio Solution File, Format Version 12.00
# Visual Studio Version 17
VisualStudioVersion = 17.6.33723.286
MinimumVisualStudioVersion = 10.0.40219.1
Project("{8BC9CEB8-8B4A-11D0-8D11-00A0C91BC942}") = "ImGui Overlay", "ImGui Overlay.vcxproj", "{30DDB2EA-876D-48C0-8CC5-8C6DB8334BD2}"
EndProject
Global
	GlobalSection(SolutionConfigurationPlatforms) = preSolution
		Debug|x64 = Debug|x64
		Debug|x86 = Debug|x86
		Release|x64 = Release|x64
		Release|x86 = Release|x86
	EndGlobalSection
	GlobalSection(ProjectConfigurationPlatforms) = postSolution
		{30DDB2EA-876D-48C0-8CC5-8C6DB8334BD2}.Debug|x64.ActiveCfg = Debug|x64
		{30DDB2EA-876D-48C0-8CC5-8C6DB8334BD2}.Debug|x64.Build.0 = Debug|x64
		{30DDB2EA-876D-48C0-8CC5-8C6DB8334BD2}.Debug|x86.ActiveCfg = Debug|Win32
		{30DDB2EA-876D-48C0-8CC5-8C6DB8334BD2}.Debug|x86.Build.0 = Debug|Win32
		{30DDB2EA-876D-48C0-8CC5-8C6DB8334BD2}.Release|x64.ActiveCfg = Release|x64
		{30DDB2EA-876D-48C0-8CC5-8C6DB8334BD2}.Release|x64.Build.0 = Release|x64
		{30DDB2EA-876D-48C0-8CC5-8C6DB8334BD2}.Release|x86.ActiveCfg = Release|Win32
		{30DDB2EA-876D-48C0-8CC5-8C6DB8334BD2}.Release|x86.Build.0 = Release|Win32
	EndGlobalSection
	GlobalSection(SolutionProperties) = preSolution
		HideSolutionNode = FALSE
	EndGlobalSection
	GlobalSection(ExtensibilityGlobals) = postSolution
		SolutionGuid = {B174941E-1AF8-48D3-A856-064B328038E4}
	EndGlobalSection
EndGlobal
